// !$*UTF8*$!
{
	archiveVersion = 1;
	classes = {
	};
	objectVersion = 55;
	objects = {

/* Begin PBXBuildFile section */
		2235651A27FDBBC10095D3D1 /* Postcell.swift in Sources */ = {isa = PBXBuildFile; fileRef = 2235651927FDBBC10095D3D1 /* Postcell.swift */; };
		2235651D28015F350095D3D1 /* StorageStore.swift in Sources */ = {isa = PBXBuildFile; fileRef = 2235651C28015F350095D3D1 /* StorageStore.swift */; };
		2235651F280165720095D3D1 /* ImagePicker.swift in Sources */ = {isa = PBXBuildFile; fileRef = 2235651E280165720095D3D1 /* ImagePicker.swift */; };
		2293D06727FDB70B001CACFD /* RealtimeStore.swift in Sources */ = {isa = PBXBuildFile; fileRef = 2293D06627FDB70B001CACFD /* RealtimeStore.swift */; };
		2293D06927FDB742001CACFD /* Post.swift in Sources */ = {isa = PBXBuildFile; fileRef = 2293D06827FDB742001CACFD /* Post.swift */; };
		2293D06B27FDB785001CACFD /* AddPostScreen.swift in Sources */ = {isa = PBXBuildFile; fileRef = 2293D06A27FDB785001CACFD /* AddPostScreen.swift */; };
		229C2ECE27FD628F00D71298 /* FirePerfectApp.swift in Sources */ = {isa = PBXBuildFile; fileRef = 229C2ECD27FD628F00D71298 /* FirePerfectApp.swift */; };
		229C2ED027FD628F00D71298 /* ContentView.swift in Sources */ = {isa = PBXBuildFile; fileRef = 229C2ECF27FD628F00D71298 /* ContentView.swift */; };
		229C2ED227FD629400D71298 /* Assets.xcassets in Resources */ = {isa = PBXBuildFile; fileRef = 229C2ED127FD629400D71298 /* Assets.xcassets */; };
		229C2ED527FD629400D71298 /* Preview Assets.xcassets in Resources */ = {isa = PBXBuildFile; fileRef = 229C2ED427FD629400D71298 /* Preview Assets.xcassets */; };
		229C2EDC27FD632400D71298 /* GoogleService-Info.plist in Resources */ = {isa = PBXBuildFile; fileRef = 229C2EDB27FD632400D71298 /* GoogleService-Info.plist */; };
		22E1E51627FD821D005372D8 /* SignupScreen.swift in Sources */ = {isa = PBXBuildFile; fileRef = 22E1E51527FD821D005372D8 /* SignupScreen.swift */; };
		22E1E51827FD822F005372D8 /* SigninScreen.swift in Sources */ = {isa = PBXBuildFile; fileRef = 22E1E51727FD822F005372D8 /* SigninScreen.swift */; };
		22E1E51A27FD823E005372D8 /* StarterScreen.swift in Sources */ = {isa = PBXBuildFile; fileRef = 22E1E51927FD823E005372D8 /* StarterScreen.swift */; };
		22E1E51C27FD824A005372D8 /* HomeScreen.swift in Sources */ = {isa = PBXBuildFile; fileRef = 22E1E51B27FD824A005372D8 /* HomeScreen.swift */; };
		22E1E51E27FD8333005372D8 /* SessionStore.swift in Sources */ = {isa = PBXBuildFile; fileRef = 22E1E51D27FD8333005372D8 /* SessionStore.swift */; };
		22E1E52027FD88CA005372D8 /* User.swift in Sources */ = {isa = PBXBuildFile; fileRef = 22E1E51F27FD88CA005372D8 /* User.swift */; };
		73E05E4125803BC169B64B93 /* Pods_FirePerfect.framework in Frameworks */ = {isa = PBXBuildFile; fileRef = A5F579491553FC04CCA65E36 /* Pods_FirePerfect.framework */; };
/* End PBXBuildFile section */

/* Begin PBXFileReference section */
		2235651927FDBBC10095D3D1 /* Postcell.swift */ = {isa = PBXFileReference; lastKnownFileType = sourcecode.swift; path = Postcell.swift; sourceTree = "<group>"; };
		2235651B28015E870095D3D1 /* Info.plist */ = {isa = PBXFileReference; lastKnownFileType = text.plist; path = Info.plist; sourceTree = "<group>"; };
		2235651C28015F350095D3D1 /* StorageStore.swift */ = {isa = PBXFileReference; lastKnownFileType = sourcecode.swift; path = StorageStore.swift; sourceTree = "<group>"; };
		2235651E280165720095D3D1 /* ImagePicker.swift */ = {isa = PBXFileReference; lastKnownFileType = sourcecode.swift; path = ImagePicker.swift; sourceTree = "<group>"; };
		2293D06627FDB70B001CACFD /* RealtimeStore.swift */ = {isa = PBXFileReference; lastKnownFileType = sourcecode.swift; path = RealtimeStore.swift; sourceTree = "<group>"; };
		2293D06827FDB742001CACFD /* Post.swift */ = {isa = PBXFileReference; lastKnownFileType = sourcecode.swift; path = Post.swift; sourceTree = "<group>"; };
		2293D06A27FDB785001CACFD /* AddPostScreen.swift */ = {isa = PBXFileReference; lastKnownFileType = sourcecode.swift; path = AddPostScreen.swift; sourceTree = "<group>"; };
		229C2ECA27FD628F00D71298 /* FirePerfect.app */ = {isa = PBXFileReference; explicitFileType = wrapper.application; includeInIndex = 0; path = FirePerfect.app; sourceTree = BUILT_PRODUCTS_DIR; };
		229C2ECD27FD628F00D71298 /* FirePerfectApp.swift */ = {isa = PBXFileReference; lastKnownFileType = sourcecode.swift; path = FirePerfectApp.swift; sourceTree = "<group>"; };
		229C2ECF27FD628F00D71298 /* ContentView.swift */ = {isa = PBXFileReference; lastKnownFileType = sourcecode.swift; path = ContentView.swift; sourceTree = "<group>"; };
		229C2ED127FD629400D71298 /* Assets.xcassets */ = {isa = PBXFileReference; lastKnownFileType = folder.assetcatalog; path = Assets.xcassets; sourceTree = "<group>"; };
		229C2ED427FD629400D71298 /* Preview Assets.xcassets */ = {isa = PBXFileReference; lastKnownFileType = folder.assetcatalog; path = "Preview Assets.xcassets"; sourceTree = "<group>"; };
		229C2EDB27FD632400D71298 /* GoogleService-Info.plist */ = {isa = PBXFileReference; fileEncoding = 4; lastKnownFileType = text.plist.xml; path = "GoogleService-Info.plist"; sourceTree = "<group>"; };
		22E1E51527FD821D005372D8 /* SignupScreen.swift */ = {isa = PBXFileReference; lastKnownFileType = sourcecode.swift; path = SignupScreen.swift; sourceTree = "<group>"; };
		22E1E51727FD822F005372D8 /* SigninScreen.swift */ = {isa = PBXFileReference; lastKnownFileType = sourcecode.swift; path = SigninScreen.swift; sourceTree = "<group>"; };
		22E1E51927FD823E005372D8 /* StarterScreen.swift */ = {isa = PBXFileReference; lastKnownFileType = sourcecode.swift; path = StarterScreen.swift; sourceTree = "<group>"; };
		22E1E51B27FD824A005372D8 /* HomeScreen.swift */ = {isa = PBXFileReference; lastKnownFileType = sourcecode.swift; path = HomeScreen.swift; sourceTree = "<group>"; };
		22E1E51D27FD8333005372D8 /* SessionStore.swift */ = {isa = PBXFileReference; lastKnownFileType = sourcecode.swift; path = SessionStore.swift; sourceTree = "<group>"; };
		22E1E51F27FD88CA005372D8 /* User.swift */ = {isa = PBXFileReference; lastKnownFileType = sourcecode.swift; path = User.swift; sourceTree = "<group>"; };
		296A4A39A5FDF1F74E3ED78B /* Pods-FirePerfect.release.xcconfig */ = {isa = PBXFileReference; includeInIndex = 1; lastKnownFileType = text.xcconfig; name = "Pods-FirePerfect.release.xcconfig"; path = "Target Support Files/Pods-FirePerfect/Pods-FirePerfect.release.xcconfig"; sourceTree = "<group>"; };
		6AD5C8DF6DAFFB6807C08910 /* Pods-FirePerfect.debug.xcconfig */ = {isa = PBXFileReference; includeInIndex = 1; lastKnownFileType = text.xcconfig; name = "Pods-FirePerfect.debug.xcconfig"; path = "Target Support Files/Pods-FirePerfect/Pods-FirePerfect.debug.xcconfig"; sourceTree = "<group>"; };
		A5F579491553FC04CCA65E36 /* Pods_FirePerfect.framework */ = {isa = PBXFileReference; explicitFileType = wrapper.framework; includeInIndex = 0; path = Pods_FirePerfect.framework; sourceTree = BUILT_PRODUCTS_DIR; };
/* End PBXFileReference section */

/* Begin PBXFrameworksBuildPhase section */
		229C2EC727FD628F00D71298 /* Frameworks */ = {
			isa = PBXFrameworksBuildPhase;
			buildActionMask = 2147483647;
			files = (
				73E05E4125803BC169B64B93 /* Pods_FirePerfect.framework in Frameworks */,
			);
			runOnlyForDeploymentPostprocessing = 0;
		};
/* End PBXFrameworksBuildPhase section */

/* Begin PBXGroup section */
		079BDD932DC18C42EE51A01B /* Pods */ = {
			isa = PBXGroup;
			children = (
				6AD5C8DF6DAFFB6807C08910 /* Pods-FirePerfect.debug.xcconfig */,
				296A4A39A5FDF1F74E3ED78B /* Pods-FirePerfect.release.xcconfig */,
			);
			path = Pods;
			sourceTree = "<group>";
		};
		2293D06527FDB480001CACFD /* SwiftFiles */ = {
			isa = PBXGroup;
			children = (
				22E1E51F27FD88CA005372D8 /* User.swift */,
				22E1E51D27FD8333005372D8 /* SessionStore.swift */,
				2293D06827FDB742001CACFD /* Post.swift */,
				2293D06627FDB70B001CACFD /* RealtimeStore.swift */,
			);
			path = SwiftFiles;
			sourceTree = "<group>";
		};
		229C2EC127FD628F00D71298 = {
			isa = PBXGroup;
			children = (
				229C2ECC27FD628F00D71298 /* FirePerfect */,
				229C2ECB27FD628F00D71298 /* Products */,
				079BDD932DC18C42EE51A01B /* Pods */,
				A78C53501A93405C58E2DA29 /* Frameworks */,
			);
			sourceTree = "<group>";
		};
		229C2ECB27FD628F00D71298 /* Products */ = {
			isa = PBXGroup;
			children = (
				229C2ECA27FD628F00D71298 /* FirePerfect.app */,
			);
			name = Products;
			sourceTree = "<group>";
		};
		229C2ECC27FD628F00D71298 /* FirePerfect */ = {
			isa = PBXGroup;
			children = (
				2235651B28015E870095D3D1 /* Info.plist */,
				2293D06527FDB480001CACFD /* SwiftFiles */,
				229C2ECD27FD628F00D71298 /* FirePerfectApp.swift */,
				2235651927FDBBC10095D3D1 /* Postcell.swift */,
				2293D06A27FDB785001CACFD /* AddPostScreen.swift */,
				229C2ECF27FD628F00D71298 /* ContentView.swift */,
				22E1E51527FD821D005372D8 /* SignupScreen.swift */,
				2235651C28015F350095D3D1 /* StorageStore.swift */,
				2235651E280165720095D3D1 /* ImagePicker.swift */,
				22E1E51927FD823E005372D8 /* StarterScreen.swift */,
				22E1E51727FD822F005372D8 /* SigninScreen.swift */,
				22E1E51B27FD824A005372D8 /* HomeScreen.swift */,
				229C2EDB27FD632400D71298 /* GoogleService-Info.plist */,
				229C2ED127FD629400D71298 /* Assets.xcassets */,
				229C2ED327FD629400D71298 /* Preview Content */,
			);
			path = FirePerfect;
			sourceTree = "<group>";
		};
		229C2ED327FD629400D71298 /* Preview Content */ = {
			isa = PBXGroup;
			children = (
				229C2ED427FD629400D71298 /* Preview Assets.xcassets */,
			);
			path = "Preview Content";
			sourceTree = "<group>";
		};
		A78C53501A93405C58E2DA29 /* Frameworks */ = {
			isa = PBXGroup;
			children = (
				A5F579491553FC04CCA65E36 /* Pods_FirePerfect.framework */,
			);
			name = Frameworks;
			sourceTree = "<group>";
		};
/* End PBXGroup section */

/* Begin PBXNativeTarget section */
		229C2EC927FD628F00D71298 /* FirePerfect */ = {
			isa = PBXNativeTarget;
			buildConfigurationList = 229C2ED827FD629400D71298 /* Build configuration list for PBXNativeTarget "FirePerfect" */;
			buildPhases = (
				288F297A740DBA50E912F6A9 /* [CP] Check Pods Manifest.lock */,
				229C2EC627FD628F00D71298 /* Sources */,
				229C2EC727FD628F00D71298 /* Frameworks */,
				229C2EC827FD628F00D71298 /* Resources */,
				B0A89448C2DD278DFB954B8C /* [CP] Embed Pods Frameworks */,
			);
			buildRules = (
			);
			dependencies = (
			);
			name = FirePerfect;
			productName = FirePerfect;
			productReference = 229C2ECA27FD628F00D71298 /* FirePerfect.app */;
			productType = "com.apple.product-type.application";
		};
/* End PBXNativeTarget section */

/* Begin PBXProject section */
		229C2EC227FD628F00D71298 /* Project object */ = {
			isa = PBXProject;
			attributes = {
				BuildIndependentTargetsInParallel = 1;
				LastSwiftUpdateCheck = 1330;
				LastUpgradeCheck = 1330;
				TargetAttributes = {
					229C2EC927FD628F00D71298 = {
						CreatedOnToolsVersion = 13.3;
					};
				};
			};
			buildConfigurationList = 229C2EC527FD628F00D71298 /* Build configuration list for PBXProject "FirePerfect" */;
			compatibilityVersion = "Xcode 13.0";
			developmentRegion = en;
			hasScannedForEncodings = 0;
			knownRegions = (
				en,
				Base,
			);
			mainGroup = 229C2EC127FD628F00D71298;
			productRefGroup = 229C2ECB27FD628F00D71298 /* Products */;
			projectDirPath = "";
			projectRoot = "";
			targets = (
				229C2EC927FD628F00D71298 /* FirePerfect */,
			);
		};
/* End PBXProject section */

/* Begin PBXResourcesBuildPhase section */
		229C2EC827FD628F00D71298 /* Resources */ = {
			isa = PBXResourcesBuildPhase;
			buildActionMask = 2147483647;
			files = (
				229C2ED527FD629400D71298 /* Preview Assets.xcassets in Resources */,
				229C2ED227FD629400D71298 /* Assets.xcassets in Resources */,
				229C2EDC27FD632400D71298 /* GoogleService-Info.plist in Resources */,
			);
			runOnlyForDeploymentPostprocessing = 0;
		};
/* End PBXResourcesBuildPhase section */

/* Begin PBXShellScriptBuildPhase section */
		288F297A740DBA50E912F6A9 /* [CP] Check Pods Manifest.lock */ = {
			isa = PBXShellScriptBuildPhase;
			buildActionMask = 2147483647;
			files = (
			);
			inputFileListPaths = (
			);
			inputPaths = (
				"${PODS_PODFILE_DIR_PATH}/Podfile.lock",
				"${PODS_ROOT}/Manifest.lock",
			);
			name = "[CP] Check Pods Manifest.lock";
			outputFileListPaths = (
			);
			outputPaths = (
				"$(DERIVED_FILE_DIR)/Pods-FirePerfect-checkManifestLockResult.txt",
			);
			runOnlyForDeploymentPostprocessing = 0;
			shellPath = /bin/sh;
			shellScript = "diff \"${PODS_PODFILE_DIR_PATH}/Podfile.lock\" \"${PODS_ROOT}/Manifest.lock\" > /dev/null\nif [ $? != 0 ] ; then\n    # print error to STDERR\n    echo \"error: The sandbox is not in sync with the Podfile.lock. Run 'pod install' or update your CocoaPods installation.\" >&2\n    exit 1\nfi\n# This output is used by Xcode 'outputs' to avoid re-running this script phase.\necho \"SUCCESS\" > \"${SCRIPT_OUTPUT_FILE_0}\"\n";
			showEnvVarsInLog = 0;
		};
		B0A89448C2DD278DFB954B8C /* [CP] Embed Pods Frameworks */ = {
			isa = PBXShellScriptBuildPhase;
			buildActionMask = 2147483647;
			files = (
			);
			inputFileListPaths = (
				"${PODS_ROOT}/Target Support Files/Pods-FirePerfect/Pods-FirePerfect-frameworks-${CONFIGURATION}-input-files.xcfilelist",
			);
			name = "[CP] Embed Pods Frameworks";
			outputFileListPaths = (
				"${PODS_ROOT}/Target Support Files/Pods-FirePerfect/Pods-FirePerfect-frameworks-${CONFIGURATION}-output-files.xcfilelist",
			);
			runOnlyForDeploymentPostprocessing = 0;
			shellPath = /bin/sh;
			shellScript = "\"${PODS_ROOT}/Target Support Files/Pods-FirePerfect/Pods-FirePerfect-frameworks.sh\"\n";
			showEnvVarsInLog = 0;
		};
/* End PBXShellScriptBuildPhase section */

/* Begin PBXSourcesBuildPhase section */
		229C2EC627FD628F00D71298 /* Sources */ = {
			isa = PBXSourcesBuildPhase;
			buildActionMask = 2147483647;
			files = (
				229C2ED027FD628F00D71298 /* ContentView.swift in Sources */,
				2293D06927FDB742001CACFD /* Post.swift in Sources */,
				22E1E51E27FD8333005372D8 /* SessionStore.swift in Sources */,
				2235651F280165720095D3D1 /* ImagePicker.swift in Sources */,
				22E1E51827FD822F005372D8 /* SigninScreen.swift in Sources */,
				2293D06B27FDB785001CACFD /* AddPostScreen.swift in Sources */,
				2293D06727FDB70B001CACFD /* RealtimeStore.swift in Sources */,
				22E1E51C27FD824A005372D8 /* HomeScreen.swift in Sources */,
				2235651A27FDBBC10095D3D1 /* Postcell.swift in Sources */,
				22E1E52027FD88CA005372D8 /* User.swift in Sources */,
				22E1E51627FD821D005372D8 /* SignupScreen.swift in Sources */,
				229C2ECE27FD628F00D71298 /* FirePerfectApp.swift in Sources */,
				22E1E51A27FD823E005372D8 /* StarterScreen.swift in Sources */,
				2235651D28015F350095D3D1 /* StorageStore.swift in Sources */,
			);
			runOnlyForDeploymentPostprocessing = 0;
		};
/* End PBXSourcesBuildPhase section */

/* Begin XCBuildConfiguration section */
		229C2ED627FD629400D71298 /* Debug */ = {
			isa = XCBuildConfiguration;
			buildSettings = {
				ALWAYS_SEARCH_USER_PATHS = NO;
				CLANG_ANALYZER_NONNULL = YES;
				CLANG_ANALYZER_NUMBER_OBJECT_CONVERSION = YES_AGGRESSIVE;
				CLANG_CXX_LANGUAGE_STANDARD = "gnu++17";
				CLANG_ENABLE_MODULES = YES;
				CLANG_ENABLE_OBJC_ARC = YES;
				CLANG_ENABLE_OBJC_WEAK = YES;
				CLANG_WARN_BLOCK_CAPTURE_AUTORELEASING = YES;
				CLANG_WARN_BOOL_CONVERSION = YES;
				CLANG_WARN_COMMA = YES;
				CLANG_WARN_CONSTANT_CONVERSION = YES;
				CLANG_WARN_DEPRECATED_OBJC_IMPLEMENTATIONS = YES;
				CLANG_WARN_DIRECT_OBJC_ISA_USAGE = YES_ERROR;
				CLANG_WARN_DOCUMENTATION_COMMENTS = YES;
				CLANG_WARN_EMPTY_BODY = YES;
				CLANG_WARN_ENUM_CONVERSION = YES;
				CLANG_WARN_INFINITE_RECURSION = YES;
				CLANG_WARN_INT_CONVERSION = YES;
				CLANG_WARN_NON_LITERAL_NULL_CONVERSION = YES;
				CLANG_WARN_OBJC_IMPLICIT_RETAIN_SELF = YES;
				CLANG_WARN_OBJC_LITERAL_CONVERSION = YES;
				CLANG_WARN_OBJC_ROOT_CLASS = YES_ERROR;
				CLANG_WARN_QUOTED_INCLUDE_IN_FRAMEWORK_HEADER = YES;
				CLANG_WARN_RANGE_LOOP_ANALYSIS = YES;
				CLANG_WARN_STRICT_PROTOTYPES = YES;
				CLANG_WARN_SUSPICIOUS_MOVE = YES;
				CLANG_WARN_UNGUARDED_AVAILABILITY = YES_AGGRESSIVE;
				CLANG_WARN_UNREACHABLE_CODE = YES;
				CLANG_WARN__DUPLICATE_METHOD_MATCH = YES;
				COPY_PHASE_STRIP = NO;
				DEBUG_INFORMATION_FORMAT = dwarf;
				ENABLE_STRICT_OBJC_MSGSEND = YES;
				ENABLE_TESTABILITY = YES;
				GCC_C_LANGUAGE_STANDARD = gnu11;
				GCC_DYNAMIC_NO_PIC = NO;
				GCC_NO_COMMON_BLOCKS = YES;
				GCC_OPTIMIZATION_LEVEL = 0;
				GCC_PREPROCESSOR_DEFINITIONS = (
					"DEBUG=1",
					"$(inherited)",
				);
				GCC_WARN_64_TO_32_BIT_CONVERSION = YES;
				GCC_WARN_ABOUT_RETURN_TYPE = YES_ERROR;
				GCC_WARN_UNDECLARED_SELECTOR = YES;
				GCC_WARN_UNINITIALIZED_AUTOS = YES_AGGRESSIVE;
				GCC_WARN_UNUSED_FUNCTION = YES;
				GCC_WARN_UNUSED_VARIABLE = YES;
				IPHONEOS_DEPLOYMENT_TARGET = 15.4;
				MTL_ENABLE_DEBUG_INFO = INCLUDE_SOURCE;
				MTL_FAST_MATH = YES;
				ONLY_ACTIVE_ARCH = YES;
				SDKROOT = iphoneos;
				SWIFT_ACTIVE_COMPILATION_CONDITIONS = DEBUG;
				SWIFT_OPTIMIZATION_LEVEL = "-Onone";
			};
			name = Debug;
		};
		229C2ED727FD629400D71298 /* Release */ = {
			isa = XCBuildConfiguration;
			buildSettings = {
				ALWAYS_SEARCH_USER_PATHS = NO;
				CLANG_ANALYZER_NONNULL = YES;
				CLANG_ANALYZER_NUMBER_OBJECT_CONVERSION = YES_AGGRESSIVE;
				CLANG_CXX_LANGUAGE_STANDARD = "gnu++17";
				CLANG_ENABLE_MODULES = YES;
				CLANG_ENABLE_OBJC_ARC = YES;
				CLANG_ENABLE_OBJC_WEAK = YES;
				CLANG_WARN_BLOCK_CAPTURE_AUTORELEASING = YES;
				CLANG_WARN_BOOL_CONVERSION = YES;
				CLANG_WARN_COMMA = YES;
				CLANG_WARN_CONSTANT_CONVERSION = YES;
				CLANG_WARN_DEPRECATED_OBJC_IMPLEMENTATIONS = YES;
				CLANG_WARN_DIRECT_OBJC_ISA_USAGE = YES_ERROR;
				CLANG_WARN_DOCUMENTATION_COMMENTS = YES;
				CLANG_WARN_EMPTY_BODY = YES;
				CLANG_WARN_ENUM_CONVERSION = YES;
				CLANG_WARN_INFINITE_RECURSION = YES;
				CLANG_WARN_INT_CONVERSION = YES;
				CLANG_WARN_NON_LITERAL_NULL_CONVERSION = YES;
				CLANG_WARN_OBJC_IMPLICIT_RETAIN_SELF = YES;
				CLANG_WARN_OBJC_LITERAL_CONVERSION = YES;
				CLANG_WARN_OBJC_ROOT_CLASS = YES_ERROR;
				CLANG_WARN_QUOTED_INCLUDE_IN_FRAMEWORK_HEADER = YES;
				CLANG_WARN_RANGE_LOOP_ANALYSIS = YES;
				CLANG_WARN_STRICT_PROTOTYPES = YES;
				CLANG_WARN_SUSPICIOUS_MOVE = YES;
				CLANG_WARN_UNGUARDED_AVAILABILITY = YES_AGGRESSIVE;
				CLANG_WARN_UNREACHABLE_CODE = YES;
				CLANG_WARN__DUPLICATE_METHOD_MATCH = YES;
				COPY_PHASE_STRIP = NO;
				DEBUG_INFORMATION_FORMAT = "dwarf-with-dsym";
				ENABLE_NS_ASSERTIONS = NO;
				ENABLE_STRICT_OBJC_MSGSEND = YES;
				GCC_C_LANGUAGE_STANDARD = gnu11;
				GCC_NO_COMMON_BLOCKS = YES;
				GCC_WARN_64_TO_32_BIT_CONVERSION = YES;
				GCC_WARN_ABOUT_RETURN_TYPE = YES_ERROR;
				GCC_WARN_UNDECLARED_SELECTOR = YES;
				GCC_WARN_UNINITIALIZED_AUTOS = YES_AGGRESSIVE;
				GCC_WARN_UNUSED_FUNCTION = YES;
				GCC_WARN_UNUSED_VARIABLE = YES;
				IPHONEOS_DEPLOYMENT_TARGET = 15.4;
				MTL_ENABLE_DEBUG_INFO = NO;
				MTL_FAST_MATH = YES;
				SDKROOT = iphoneos;
				SWIFT_COMPILATION_MODE = wholemodule;
				SWIFT_OPTIMIZATION_LEVEL = "-O";
				VALIDATE_PRODUCT = YES;
			};
			name = Release;
		};
		229C2ED927FD629400D71298 /* Debug */ = {
			isa = XCBuildConfiguration;
			baseConfigurationReference = 6AD5C8DF6DAFFB6807C08910 /* Pods-FirePerfect.debug.xcconfig */;
			buildSettings = {
				ASSETCATALOG_COMPILER_APPICON_NAME = AppIcon;
				ASSETCATALOG_COMPILER_GLOBAL_ACCENT_COLOR_NAME = AccentColor;
				CODE_SIGN_STYLE = Automatic;
				CURRENT_PROJECT_VERSION = 1;
				DEVELOPMENT_ASSET_PATHS = "\"FirePerfect/Preview Content\"";
				ENABLE_PREVIEWS = YES;
				GENERATE_INFOPLIST_FILE = YES;
				INFOPLIST_FILE = FirePerfect/Info.plist;
				INFOPLIST_KEY_LSApplicationCategoryType = "";
				INFOPLIST_KEY_NSCameraUsageDescription = "";
				INFOPLIST_KEY_UIApplicationSceneManifest_Generation = YES;
				INFOPLIST_KEY_UIApplicationSupportsIndirectInputEvents = YES;
				INFOPLIST_KEY_UILaunchScreen_Generation = YES;
				INFOPLIST_KEY_UISupportedInterfaceOrientations_iPad = "UIInterfaceOrientationPortrait UIInterfaceOrientationPortraitUpsideDown UIInterfaceOrientationLandscapeLeft UIInterfaceOrientationLandscapeRight";
				INFOPLIST_KEY_UISupportedInterfaceOrientations_iPhone = "UIInterfaceOrientationPortrait UIInterfaceOrientationLandscapeLeft UIInterfaceOrientationLandscapeRight";
				LD_RUNPATH_SEARCH_PATHS = (
					"$(inherited)",
					"@executable_path/Frameworks",
				);
				MARKETING_VERSION = 1.0;
				PRODUCT_BUNDLE_IDENTIFIER = khasanov.FirePerfect;
				PRODUCT_NAME = "$(TARGET_NAME)";
				SWIFT_EMIT_LOC_STRINGS = YES;
				SWIFT_VERSION = 5.0;
				TARGETED_DEVICE_FAMILY = "1,2";
			};
			name = Debug;
		};
		229C2EDA27FD629400D71298 /* Release */ = {
			isa = XCBuildConfiguration;
			baseConfigurationReference = 296A4A39A5FDF1F74E3ED78B /* Pods-FirePerfect.release.xcconfig */;
			buildSettings = {
				ASSETCATALOG_COMPILER_APPICON_NAME = AppIcon;
				ASSETCATALOG_COMPILER_GLOBAL_ACCENT_COLOR_NAME = AccentColor;
				CODE_SIGN_STYLE = Automatic;
				CURRENT_PROJECT_VERSION = 1;
				DEVELOPMENT_ASSET_PATHS = "\"FirePerfect/Preview Content\"";
				ENABLE_PREVIEWS = YES;
				GENERATE_INFOPLIST_FILE = YES;
				INFOPLIST_FILE = FirePerfect/Info.plist;
				INFOPLIST_KEY_LSApplicationCategoryType = "";
				INFOPLIST_KEY_NSCameraUsageDescription = "";
				INFOPLIST_KEY_UIApplicationSceneManifest_Generation = YES;
				INFOPLIST_KEY_UIApplicationSupportsIndirectInputEvents = YES;
				INFOPLIST_KEY_UILaunchScreen_Generation = YES;
				INFOPLIST_KEY_UISupportedInterfaceOrientations_iPad = "UIInterfaceOrientationPortrait UIInterfaceOrientationPortraitUpsideDown UIInterfaceOrientationLandscapeLeft UIInterfaceOrientationLandscapeRight";
				INFOPLIST_KEY_UISupportedInterfaceOrientations_iPhone = "UIInterfaceOrientationPortrait UIInterfaceOrientationLandscapeLeft UIInterfaceOrientationLandscapeRight";
				LD_RUNPATH_SEARCH_PATHS = (
					"$(inherited)",
					"@executable_path/Frameworks",
				);
				MARKETING_VERSION = 1.0;
				PRODUCT_BUNDLE_IDENTIFIER = khasanov.FirePerfect;
				PRODUCT_NAME = "$(TARGET_NAME)";
				SWIFT_EMIT_LOC_STRINGS = YES;
				SWIFT_VERSION = 5.0;
				TARGETED_DEVICE_FAMILY = "1,2";
			};
			name = Release;
		};
/* End XCBuildConfiguration section */

/* Begin XCConfigurationList section */
		229C2EC527FD628F00D71298 /* Build configuration list for PBXProject "FirePerfect" */ = {
			isa = XCConfigurationList;
			buildConfigurations = (
				229C2ED627FD629400D71298 /* Debug */,
				229C2ED727FD629400D71298 /* Release */,
			);
			defaultConfigurationIsVisible = 0;
			defaultConfigurationName = Release;
		};
		229C2ED827FD629400D71298 /* Build configuration list for PBXNativeTarget "FirePerfect" */ = {
			isa = XCConfigurationList;
			buildConfigurations = (
				229C2ED927FD629400D71298 /* Debug */,
				229C2EDA27FD629400D71298 /* Release */,
			);
			defaultConfigurationIsVisible = 0;
			defaultConfigurationName = Release;
		};
/* End XCConfigurationList section */
	};
	rootObject = 229C2EC227FD628F00D71298 /* Project object */;
}
